{
  "name": "Design-to-NET-MAUI",
  "version": "1.0.0",
  "lockfileVersion": 3,
  "requires": true,
  "packages": {
    "": {
      "name": "Design-to-NET-MAUI",
      "version": "1.0.0",
      "devDependencies": {
        "@figma/plugin-typings": "^1.72.0",
        "typescript": "*"
      }
    },
    "node_modules/@figma/plugin-typings": {
      "version": "1.72.0",
      "resolved": "https://registry.npmjs.org/@figma/plugin-typings/-/plugin-typings-1.72.0.tgz",
      "integrity": "sha512-SRW8qQOLf/QOtgP7OsUfw4oD6Z+tbenLR2PgNXGSh2SJohcnucIEEc7An5Wd5qTl35xfC4TmZE0YpTGMknVpgw==",
      "dev": true
    },
    "node_modules/typescript": {
      "version": "5.1.6",
      "resolved": "https://registry.npmjs.org/typescript/-/typescript-5.1.6.tgz",
      "integrity": "sha512-zaWCozRZ6DLEWAWFrVDz1H6FVXzUSfTy5FUMWsQlU8Ym5JP9eO4xkTIROFCQvhQf61z6O/G6ugw3SgAnvvm+HA==",
      "dev": true,
      "bin": {
        "tsc": "bin/tsc",
        "tsserver": "bin/tsserver"
      },
      "engines": {
        "node": ">=14.17"
      }
    }
  }
}
